// !$*UTF8*$!
{
	archiveVersion = 1;
	classes = {
	};
	objectVersion = 46;
	objects = {

/* Begin PBXBuildFile section */
		154C66FD829240802F556F9F /* libPods-YLNetworking.a in Frameworks */ = {isa = PBXBuildFile; fileRef = 8C4B96D2A41554113273DD1B /* libPods-YLNetworking.a */; };
		F2455E6D1D52395100C1AAE8 /* YLBaseAPIManager.m in Sources */ = {isa = PBXBuildFile; fileRef = F2455E581D52395100C1AAE8 /* YLBaseAPIManager.m */; };
		F2455E6E1D52395100C1AAE8 /* YLPageAPIManager.m in Sources */ = {isa = PBXBuildFile; fileRef = F2455E5A1D52395100C1AAE8 /* YLPageAPIManager.m */; };
		F2455E6F1D52395100C1AAE8 /* MJRefresh+ReactiveExtension.m in Sources */ = {isa = PBXBuildFile; fileRef = F2455E5D1D52395100C1AAE8 /* MJRefresh+ReactiveExtension.m */; };
		F2455E701D52395100C1AAE8 /* NSURLRequest+YLNetworking.m in Sources */ = {isa = PBXBuildFile; fileRef = F2455E5F1D52395100C1AAE8 /* NSURLRequest+YLNetworking.m */; };
		F2455E711D52395100C1AAE8 /* YLNetworking+ReactiveExtension.m in Sources */ = {isa = PBXBuildFile; fileRef = F2455E611D52395100C1AAE8 /* YLNetworking+ReactiveExtension.m */; };
		F2455E721D52395100C1AAE8 /* YLAuthParamsGenerator.m in Sources */ = {isa = PBXBuildFile; fileRef = F2455E641D52395100C1AAE8 /* YLAuthParamsGenerator.m */; };
		F2455E731D52395100C1AAE8 /* YLResponseModel.m in Sources */ = {isa = PBXBuildFile; fileRef = F2455E671D52395100C1AAE8 /* YLResponseModel.m */; };
		F2455E741D52395100C1AAE8 /* YLAPIProxy.m in Sources */ = {isa = PBXBuildFile; fileRef = F2455E6A1D52395100C1AAE8 /* YLAPIProxy.m */; };
		F2455E781D523AC700C1AAE8 /* YLNetworkingLogger.m in Sources */ = {isa = PBXBuildFile; fileRef = F2455E771D523AC700C1AAE8 /* YLNetworkingLogger.m */; };
		F2455EA21D52620E00C1AAE8 /* YLCacheProxy.m in Sources */ = {isa = PBXBuildFile; fileRef = F2455EA11D52620E00C1AAE8 /* YLCacheProxy.m */; };
		F2455EA51D5262BB00C1AAE8 /* YLSignatureGenerator.m in Sources */ = {isa = PBXBuildFile; fileRef = F2455EA41D5262BB00C1AAE8 /* YLSignatureGenerator.m */; };
		F2455EA81D52652000C1AAE8 /* Foundation+YLNetworking.m in Sources */ = {isa = PBXBuildFile; fileRef = F2455EA71D52652000C1AAE8 /* Foundation+YLNetworking.m */; };
		F26203D01D3D45020050E932 /* UserAPIManager.m in Sources */ = {isa = PBXBuildFile; fileRef = F26203CF1D3D45020050E932 /* UserAPIManager.m */; };
		F26203D51D3D456D0050E932 /* UserItemModel.m in Sources */ = {isa = PBXBuildFile; fileRef = F26203D41D3D456D0050E932 /* UserItemModel.m */; };
		F26203DA1D3D45870050E932 /* UserItemViewModel.m in Sources */ = {isa = PBXBuildFile; fileRef = F26203D71D3D45870050E932 /* UserItemViewModel.m */; };
		F26203DB1D3D45870050E932 /* UserListViewModel.m in Sources */ = {isa = PBXBuildFile; fileRef = F26203D91D3D45870050E932 /* UserListViewModel.m */; };
		F26203DF1D3D45CA0050E932 /* UserListViewController.m in Sources */ = {isa = PBXBuildFile; fileRef = F26203DE1D3D45CA0050E932 /* UserListViewController.m */; };
		F26203E31D3D45D50050E932 /* UserItemViewCell.m in Sources */ = {isa = PBXBuildFile; fileRef = F26203E11D3D45D50050E932 /* UserItemViewCell.m */; };
		F26203E41D3D45D50050E932 /* UserItemViewCell.xib in Resources */ = {isa = PBXBuildFile; fileRef = F26203E21D3D45D50050E932 /* UserItemViewCell.xib */; };
		F2E7025D1D36479500C6DAF7 /* main.m in Sources */ = {isa = PBXBuildFile; fileRef = F2E7025C1D36479500C6DAF7 /* main.m */; };
		F2E702601D36479500C6DAF7 /* AppDelegate.m in Sources */ = {isa = PBXBuildFile; fileRef = F2E7025F1D36479500C6DAF7 /* AppDelegate.m */; };
		F2E702661D36479500C6DAF7 /* Main.storyboard in Resources */ = {isa = PBXBuildFile; fileRef = F2E702641D36479500C6DAF7 /* Main.storyboard */; };
		F2E702681D36479500C6DAF7 /* Assets.xcassets in Resources */ = {isa = PBXBuildFile; fileRef = F2E702671D36479500C6DAF7 /* Assets.xcassets */; };
		F2E7026B1D36479500C6DAF7 /* LaunchScreen.storyboard in Resources */ = {isa = PBXBuildFile; fileRef = F2E702691D36479500C6DAF7 /* LaunchScreen.storyboard */; };
		F2E702761D36479500C6DAF7 /* YLNetworkingTests.m in Sources */ = {isa = PBXBuildFile; fileRef = F2E702751D36479500C6DAF7 /* YLNetworkingTests.m */; };
/* End PBXBuildFile section */

/* Begin PBXContainerItemProxy section */
		F2E702721D36479500C6DAF7 /* PBXContainerItemProxy */ = {
			isa = PBXContainerItemProxy;
			containerPortal = F2E702501D36479500C6DAF7 /* Project object */;
			proxyType = 1;
			remoteGlobalIDString = F2E702571D36479500C6DAF7;
			remoteInfo = YLNetworking;
		};
/* End PBXContainerItemProxy section */

/* Begin PBXFileReference section */
		778904CD0AC094F69A37B541 /* Pods-YLNetworking.debug.xcconfig */ = {isa = PBXFileReference; includeInIndex = 1; lastKnownFileType = text.xcconfig; name = "Pods-YLNetworking.debug.xcconfig"; path = "Pods/Target Support Files/Pods-YLNetworking/Pods-YLNetworking.debug.xcconfig"; sourceTree = "<group>"; };
		7D8A929E7D3A9E902AA248ED /* Pods-YLNetworking.release.xcconfig */ = {isa = PBXFileReference; includeInIndex = 1; lastKnownFileType = text.xcconfig; name = "Pods-YLNetworking.release.xcconfig"; path = "Pods/Target Support Files/Pods-YLNetworking/Pods-YLNetworking.release.xcconfig"; sourceTree = "<group>"; };
		8C4B96D2A41554113273DD1B /* libPods-YLNetworking.a */ = {isa = PBXFileReference; explicitFileType = archive.ar; includeInIndex = 0; path = "libPods-YLNetworking.a"; sourceTree = BUILT_PRODUCTS_DIR; };
		F2455E571D52395100C1AAE8 /* YLBaseAPIManager.h */ = {isa = PBXFileReference; fileEncoding = 4; lastKnownFileType = sourcecode.c.h; path = YLBaseAPIManager.h; sourceTree = "<group>"; };
		F2455E581D52395100C1AAE8 /* YLBaseAPIManager.m */ = {isa = PBXFileReference; fileEncoding = 4; lastKnownFileType = sourcecode.c.objc; path = YLBaseAPIManager.m; sourceTree = "<group>"; };
		F2455E591D52395100C1AAE8 /* YLPageAPIManager.h */ = {isa = PBXFileReference; fileEncoding = 4; lastKnownFileType = sourcecode.c.h; path = YLPageAPIManager.h; sourceTree = "<group>"; };
		F2455E5A1D52395100C1AAE8 /* YLPageAPIManager.m */ = {isa = PBXFileReference; fileEncoding = 4; lastKnownFileType = sourcecode.c.objc; path = YLPageAPIManager.m; sourceTree = "<group>"; };
		F2455E5C1D52395100C1AAE8 /* MJRefresh+ReactiveExtension.h */ = {isa = PBXFileReference; fileEncoding = 4; lastKnownFileType = sourcecode.c.h; path = "MJRefresh+ReactiveExtension.h"; sourceTree = "<group>"; };
		F2455E5D1D52395100C1AAE8 /* MJRefresh+ReactiveExtension.m */ = {isa = PBXFileReference; fileEncoding = 4; lastKnownFileType = sourcecode.c.objc; path = "MJRefresh+ReactiveExtension.m"; sourceTree = "<group>"; };
		F2455E5E1D52395100C1AAE8 /* NSURLRequest+YLNetworking.h */ = {isa = PBXFileReference; fileEncoding = 4; lastKnownFileType = sourcecode.c.h; path = "NSURLRequest+YLNetworking.h"; sourceTree = "<group>"; };
		F2455E5F1D52395100C1AAE8 /* NSURLRequest+YLNetworking.m */ = {isa = PBXFileReference; fileEncoding = 4; lastKnownFileType = sourcecode.c.objc; path = "NSURLRequest+YLNetworking.m"; sourceTree = "<group>"; };
		F2455E601D52395100C1AAE8 /* YLNetworking+ReactiveExtension.h */ = {isa = PBXFileReference; fileEncoding = 4; lastKnownFileType = sourcecode.c.h; path = "YLNetworking+ReactiveExtension.h"; sourceTree = "<group>"; };
		F2455E611D52395100C1AAE8 /* YLNetworking+ReactiveExtension.m */ = {isa = PBXFileReference; fileEncoding = 4; lastKnownFileType = sourcecode.c.objc; path = "YLNetworking+ReactiveExtension.m"; sourceTree = "<group>"; };
		F2455E631D52395100C1AAE8 /* YLAuthParamsGenerator.h */ = {isa = PBXFileReference; fileEncoding = 4; lastKnownFileType = sourcecode.c.h; path = YLAuthParamsGenerator.h; sourceTree = "<group>"; };
		F2455E641D52395100C1AAE8 /* YLAuthParamsGenerator.m */ = {isa = PBXFileReference; fileEncoding = 4; lastKnownFileType = sourcecode.c.objc; path = YLAuthParamsGenerator.m; sourceTree = "<group>"; };
		F2455E661D52395100C1AAE8 /* YLResponseModel.h */ = {isa = PBXFileReference; fileEncoding = 4; lastKnownFileType = sourcecode.c.h; path = YLResponseModel.h; sourceTree = "<group>"; };
		F2455E671D52395100C1AAE8 /* YLResponseModel.m */ = {isa = PBXFileReference; fileEncoding = 4; lastKnownFileType = sourcecode.c.objc; path = YLResponseModel.m; sourceTree = "<group>"; };
		F2455E691D52395100C1AAE8 /* YLAPIProxy.h */ = {isa = PBXFileReference; fileEncoding = 4; lastKnownFileType = sourcecode.c.h; path = YLAPIProxy.h; sourceTree = "<group>"; };
		F2455E6A1D52395100C1AAE8 /* YLAPIProxy.m */ = {isa = PBXFileReference; fileEncoding = 4; lastKnownFileType = sourcecode.c.objc; path = YLAPIProxy.m; sourceTree = "<group>"; };
		F2455E6B1D52395100C1AAE8 /* YLNetworking.h */ = {isa = PBXFileReference; fileEncoding = 4; lastKnownFileType = sourcecode.c.h; path = YLNetworking.h; sourceTree = "<group>"; };
		F2455E6C1D52395100C1AAE8 /* YLNetworkingConfiguration.h */ = {isa = PBXFileReference; fileEncoding = 4; lastKnownFileType = sourcecode.c.h; path = YLNetworkingConfiguration.h; sourceTree = "<group>"; };
		F2455E761D523AC700C1AAE8 /* YLNetworkingLogger.h */ = {isa = PBXFileReference; fileEncoding = 4; lastKnownFileType = sourcecode.c.h; path = YLNetworkingLogger.h; sourceTree = "<group>"; };
		F2455E771D523AC700C1AAE8 /* YLNetworkingLogger.m */ = {isa = PBXFileReference; fileEncoding = 4; lastKnownFileType = sourcecode.c.objc; path = YLNetworkingLogger.m; sourceTree = "<group>"; };
		F2455EA01D52620E00C1AAE8 /* YLCacheProxy.h */ = {isa = PBXFileReference; fileEncoding = 4; lastKnownFileType = sourcecode.c.h; path = YLCacheProxy.h; sourceTree = "<group>"; };
		F2455EA11D52620E00C1AAE8 /* YLCacheProxy.m */ = {isa = PBXFileReference; fileEncoding = 4; lastKnownFileType = sourcecode.c.objc; path = YLCacheProxy.m; sourceTree = "<group>"; };
		F2455EA31D5262BB00C1AAE8 /* YLSignatureGenerator.h */ = {isa = PBXFileReference; fileEncoding = 4; lastKnownFileType = sourcecode.c.h; path = YLSignatureGenerator.h; sourceTree = "<group>"; };
		F2455EA41D5262BB00C1AAE8 /* YLSignatureGenerator.m */ = {isa = PBXFileReference; fileEncoding = 4; lastKnownFileType = sourcecode.c.objc; path = YLSignatureGenerator.m; sourceTree = "<group>"; };
		F2455EA61D52652000C1AAE8 /* Foundation+YLNetworking.h */ = {isa = PBXFileReference; fileEncoding = 4; lastKnownFileType = sourcecode.c.h; path = "Foundation+YLNetworking.h"; sourceTree = "<group>"; };
		F2455EA71D52652000C1AAE8 /* Foundation+YLNetworking.m */ = {isa = PBXFileReference; fileEncoding = 4; lastKnownFileType = sourcecode.c.objc; path = "Foundation+YLNetworking.m"; sourceTree = "<group>"; };
		F26203CE1D3D45020050E932 /* UserAPIManager.h */ = {isa = PBXFileReference; fileEncoding = 4; lastKnownFileType = sourcecode.c.h; path = UserAPIManager.h; sourceTree = "<group>"; };
		F26203CF1D3D45020050E932 /* UserAPIManager.m */ = {isa = PBXFileReference; fileEncoding = 4; lastKnownFileType = sourcecode.c.objc; path = UserAPIManager.m; sourceTree = "<group>"; };
		F26203D31D3D456D0050E932 /* UserItemModel.h */ = {isa = PBXFileReference; fileEncoding = 4; lastKnownFileType = sourcecode.c.h; path = UserItemModel.h; sourceTree = "<group>"; };
		F26203D41D3D456D0050E932 /* UserItemModel.m */ = {isa = PBXFileReference; fileEncoding = 4; lastKnownFileType = sourcecode.c.objc; path = UserItemModel.m; sourceTree = "<group>"; };
		F26203D61D3D45870050E932 /* UserItemViewModel.h */ = {isa = PBXFileReference; fileEncoding = 4; lastKnownFileType = sourcecode.c.h; path = UserItemViewModel.h; sourceTree = "<group>"; };
		F26203D71D3D45870050E932 /* UserItemViewModel.m */ = {isa = PBXFileReference; fileEncoding = 4; lastKnownFileType = sourcecode.c.objc; path = UserItemViewModel.m; sourceTree = "<group>"; };
		F26203D81D3D45870050E932 /* UserListViewModel.h */ = {isa = PBXFileReference; fileEncoding = 4; lastKnownFileType = sourcecode.c.h; path = UserListViewModel.h; sourceTree = "<group>"; };
		F26203D91D3D45870050E932 /* UserListViewModel.m */ = {isa = PBXFileReference; fileEncoding = 4; lastKnownFileType = sourcecode.c.objc; path = UserListViewModel.m; sourceTree = "<group>"; };
		F26203DD1D3D45CA0050E932 /* UserListViewController.h */ = {isa = PBXFileReference; fileEncoding = 4; lastKnownFileType = sourcecode.c.h; path = UserListViewController.h; sourceTree = "<group>"; };
		F26203DE1D3D45CA0050E932 /* UserListViewController.m */ = {isa = PBXFileReference; fileEncoding = 4; lastKnownFileType = sourcecode.c.objc; path = UserListViewController.m; sourceTree = "<group>"; };
		F26203E01D3D45D50050E932 /* UserItemViewCell.h */ = {isa = PBXFileReference; fileEncoding = 4; lastKnownFileType = sourcecode.c.h; path = UserItemViewCell.h; sourceTree = "<group>"; };
		F26203E11D3D45D50050E932 /* UserItemViewCell.m */ = {isa = PBXFileReference; fileEncoding = 4; lastKnownFileType = sourcecode.c.objc; path = UserItemViewCell.m; sourceTree = "<group>"; };
		F26203E21D3D45D50050E932 /* UserItemViewCell.xib */ = {isa = PBXFileReference; fileEncoding = 4; lastKnownFileType = file.xib; path = UserItemViewCell.xib; sourceTree = "<group>"; };
		F2E702581D36479500C6DAF7 /* YLNetworking.app */ = {isa = PBXFileReference; explicitFileType = wrapper.application; includeInIndex = 0; path = YLNetworking.app; sourceTree = BUILT_PRODUCTS_DIR; };
		F2E7025C1D36479500C6DAF7 /* main.m */ = {isa = PBXFileReference; lastKnownFileType = sourcecode.c.objc; path = main.m; sourceTree = "<group>"; };
		F2E7025E1D36479500C6DAF7 /* AppDelegate.h */ = {isa = PBXFileReference; lastKnownFileType = sourcecode.c.h; path = AppDelegate.h; sourceTree = "<group>"; };
		F2E7025F1D36479500C6DAF7 /* AppDelegate.m */ = {isa = PBXFileReference; lastKnownFileType = sourcecode.c.objc; path = AppDelegate.m; sourceTree = "<group>"; };
		F2E702651D36479500C6DAF7 /* Base */ = {isa = PBXFileReference; lastKnownFileType = file.storyboard; name = Base; path = Base.lproj/Main.storyboard; sourceTree = "<group>"; };
		F2E702671D36479500C6DAF7 /* Assets.xcassets */ = {isa = PBXFileReference; lastKnownFileType = folder.assetcatalog; path = Assets.xcassets; sourceTree = "<group>"; };
		F2E7026A1D36479500C6DAF7 /* Base */ = {isa = PBXFileReference; lastKnownFileType = file.storyboard; name = Base; path = Base.lproj/LaunchScreen.storyboard; sourceTree = "<group>"; };
		F2E7026C1D36479500C6DAF7 /* Info.plist */ = {isa = PBXFileReference; lastKnownFileType = text.plist.xml; path = Info.plist; sourceTree = "<group>"; };
		F2E702711D36479500C6DAF7 /* YLNetworkingTests.xctest */ = {isa = PBXFileReference; explicitFileType = wrapper.cfbundle; includeInIndex = 0; path = YLNetworkingTests.xctest; sourceTree = BUILT_PRODUCTS_DIR; };
		F2E702751D36479500C6DAF7 /* YLNetworkingTests.m */ = {isa = PBXFileReference; lastKnownFileType = sourcecode.c.objc; path = YLNetworkingTests.m; sourceTree = "<group>"; };
		F2E702771D36479500C6DAF7 /* Info.plist */ = {isa = PBXFileReference; lastKnownFileType = text.plist.xml; path = Info.plist; sourceTree = "<group>"; };
/* End PBXFileReference section */

/* Begin PBXFrameworksBuildPhase section */
		F2E702551D36479500C6DAF7 /* Frameworks */ = {
			isa = PBXFrameworksBuildPhase;
			buildActionMask = 2147483647;
			files = (
				154C66FD829240802F556F9F /* libPods-YLNetworking.a in Frameworks */,
			);
			runOnlyForDeploymentPostprocessing = 0;
		};
		F2E7026E1D36479500C6DAF7 /* Frameworks */ = {
			isa = PBXFrameworksBuildPhase;
			buildActionMask = 2147483647;
			files = (
			);
			runOnlyForDeploymentPostprocessing = 0;
		};
/* End PBXFrameworksBuildPhase section */

/* Begin PBXGroup section */
		BD1AD9D232F7A87463D611B9 /* Pods */ = {
			isa = PBXGroup;
			children = (
				778904CD0AC094F69A37B541 /* Pods-YLNetworking.debug.xcconfig */,
				7D8A929E7D3A9E902AA248ED /* Pods-YLNetworking.release.xcconfig */,
			);
			name = Pods;
			sourceTree = "<group>";
		};
		F2455E551D52395100C1AAE8 /* YLNetworking */ = {
			isa = PBXGroup;
			children = (
				F2455E751D523A4C00C1AAE8 /* Tools */,
				F2455E561D52395100C1AAE8 /* APIManager */,
				F2455E5B1D52395100C1AAE8 /* Category */,
				F2455E621D52395100C1AAE8 /* Generator */,
				F2455E651D52395100C1AAE8 /* Model */,
				F2455E681D52395100C1AAE8 /* Proxy */,
				F2455E6B1D52395100C1AAE8 /* YLNetworking.h */,
				F2455E6C1D52395100C1AAE8 /* YLNetworkingConfiguration.h */,
			);
			path = YLNetworking;
			sourceTree = "<group>";
		};
		F2455E561D52395100C1AAE8 /* APIManager */ = {
			isa = PBXGroup;
			children = (
				F2455E571D52395100C1AAE8 /* YLBaseAPIManager.h */,
				F2455E581D52395100C1AAE8 /* YLBaseAPIManager.m */,
				F2455E591D52395100C1AAE8 /* YLPageAPIManager.h */,
				F2455E5A1D52395100C1AAE8 /* YLPageAPIManager.m */,
			);
			path = APIManager;
			sourceTree = "<group>";
		};
		F2455E5B1D52395100C1AAE8 /* Category */ = {
			isa = PBXGroup;
			children = (
				F2455E5C1D52395100C1AAE8 /* MJRefresh+ReactiveExtension.h */,
				F2455E5D1D52395100C1AAE8 /* MJRefresh+ReactiveExtension.m */,
				F2455E5E1D52395100C1AAE8 /* NSURLRequest+YLNetworking.h */,
				F2455E5F1D52395100C1AAE8 /* NSURLRequest+YLNetworking.m */,
				F2455E601D52395100C1AAE8 /* YLNetworking+ReactiveExtension.h */,
				F2455E611D52395100C1AAE8 /* YLNetworking+ReactiveExtension.m */,
				F2455EA61D52652000C1AAE8 /* Foundation+YLNetworking.h */,
				F2455EA71D52652000C1AAE8 /* Foundation+YLNetworking.m */,
			);
			path = Category;
			sourceTree = "<group>";
		};
		F2455E621D52395100C1AAE8 /* Generator */ = {
			isa = PBXGroup;
			children = (
				F2455E631D52395100C1AAE8 /* YLAuthParamsGenerator.h */,
				F2455E641D52395100C1AAE8 /* YLAuthParamsGenerator.m */,
				F2455EA31D5262BB00C1AAE8 /* YLSignatureGenerator.h */,
				F2455EA41D5262BB00C1AAE8 /* YLSignatureGenerator.m */,
			);
			path = Generator;
			sourceTree = "<group>";
		};
		F2455E651D52395100C1AAE8 /* Model */ = {
			isa = PBXGroup;
			children = (
				F2455E661D52395100C1AAE8 /* YLResponseModel.h */,
				F2455E671D52395100C1AAE8 /* YLResponseModel.m */,
			);
			path = Model;
			sourceTree = "<group>";
		};
		F2455E681D52395100C1AAE8 /* Proxy */ = {
			isa = PBXGroup;
			children = (
				F2455E691D52395100C1AAE8 /* YLAPIProxy.h */,
				F2455E6A1D52395100C1AAE8 /* YLAPIProxy.m */,
				F2455EA01D52620E00C1AAE8 /* YLCacheProxy.h */,
				F2455EA11D52620E00C1AAE8 /* YLCacheProxy.m */,
			);
			path = Proxy;
			sourceTree = "<group>";
		};
		F2455E751D523A4C00C1AAE8 /* Tools */ = {
			isa = PBXGroup;
			children = (
				F2455E761D523AC700C1AAE8 /* YLNetworkingLogger.h */,
				F2455E771D523AC700C1AAE8 /* YLNetworkingLogger.m */,
			);
			path = Tools;
			sourceTree = "<group>";
		};
		F26203C61D3CC24D0050E932 /* Demo */ = {
			isa = PBXGroup;
			children = (
				F26203E61D3D47570050E932 /* Networking */,
				F26203DC1D3D45B40050E932 /* View */,
				F26203D21D3D45530050E932 /* ViewModel */,
				F26203D11D3D454D0050E932 /* Model */,
			);
			name = Demo;
			sourceTree = "<group>";
		};
		F26203D11D3D454D0050E932 /* Model */ = {
			isa = PBXGroup;
			children = (
				F26203D31D3D456D0050E932 /* UserItemModel.h */,
				F26203D41D3D456D0050E932 /* UserItemModel.m */,
			);
			name = Model;
			sourceTree = "<group>";
		};
		F26203D21D3D45530050E932 /* ViewModel */ = {
			isa = PBXGroup;
			children = (
				F26203D61D3D45870050E932 /* UserItemViewModel.h */,
				F26203D71D3D45870050E932 /* UserItemViewModel.m */,
				F26203D81D3D45870050E932 /* UserListViewModel.h */,
				F26203D91D3D45870050E932 /* UserListViewModel.m */,
			);
			name = ViewModel;
			sourceTree = "<group>";
		};
		F26203DC1D3D45B40050E932 /* View */ = {
			isa = PBXGroup;
			children = (
				F26203E51D3D45D90050E932 /* Cell */,
				F26203DD1D3D45CA0050E932 /* UserListViewController.h */,
				F26203DE1D3D45CA0050E932 /* UserListViewController.m */,
			);
			name = View;
			sourceTree = "<group>";
		};
		F26203E51D3D45D90050E932 /* Cell */ = {
			isa = PBXGroup;
			children = (
				F26203E01D3D45D50050E932 /* UserItemViewCell.h */,
				F26203E11D3D45D50050E932 /* UserItemViewCell.m */,
				F26203E21D3D45D50050E932 /* UserItemViewCell.xib */,
			);
			name = Cell;
			sourceTree = "<group>";
		};
		F26203E61D3D47570050E932 /* Networking */ = {
			isa = PBXGroup;
			children = (
				F26203CE1D3D45020050E932 /* UserAPIManager.h */,
				F26203CF1D3D45020050E932 /* UserAPIManager.m */,
			);
			name = Networking;
			sourceTree = "<group>";
		};
		F2E7024F1D36479500C6DAF7 = {
			isa = PBXGroup;
			children = (
				F2E7025A1D36479500C6DAF7 /* YLNetworking */,
				F2E702741D36479500C6DAF7 /* YLNetworkingTests */,
				F2E702591D36479500C6DAF7 /* Products */,
				BD1AD9D232F7A87463D611B9 /* Pods */,
				FF5264FA0631E96C6F4DF49E /* Frameworks */,
			);
			sourceTree = "<group>";
		};
		F2E702591D36479500C6DAF7 /* Products */ = {
			isa = PBXGroup;
			children = (
				F2E702581D36479500C6DAF7 /* YLNetworking.app */,
				F2E702711D36479500C6DAF7 /* YLNetworkingTests.xctest */,
			);
			name = Products;
			sourceTree = "<group>";
		};
		F2E7025A1D36479500C6DAF7 /* YLNetworking */ = {
			isa = PBXGroup;
			children = (
				F2455E551D52395100C1AAE8 /* YLNetworking */,
				F26203C61D3CC24D0050E932 /* Demo */,
				F2E7025E1D36479500C6DAF7 /* AppDelegate.h */,
				F2E7025F1D36479500C6DAF7 /* AppDelegate.m */,
				F2E702641D36479500C6DAF7 /* Main.storyboard */,
				F2E702671D36479500C6DAF7 /* Assets.xcassets */,
				F2E702691D36479500C6DAF7 /* LaunchScreen.storyboard */,
				F2E7026C1D36479500C6DAF7 /* Info.plist */,
				F2E7025B1D36479500C6DAF7 /* Supporting Files */,
			);
			path = YLNetworking;
			sourceTree = "<group>";
		};
		F2E7025B1D36479500C6DAF7 /* Supporting Files */ = {
			isa = PBXGroup;
			children = (
				F2E7025C1D36479500C6DAF7 /* main.m */,
			);
			name = "Supporting Files";
			sourceTree = "<group>";
		};
		F2E702741D36479500C6DAF7 /* YLNetworkingTests */ = {
			isa = PBXGroup;
			children = (
				F2E702751D36479500C6DAF7 /* YLNetworkingTests.m */,
				F2E702771D36479500C6DAF7 /* Info.plist */,
			);
			path = YLNetworkingTests;
			sourceTree = "<group>";
		};
		FF5264FA0631E96C6F4DF49E /* Frameworks */ = {
			isa = PBXGroup;
			children = (
				8C4B96D2A41554113273DD1B /* libPods-YLNetworking.a */,
			);
			name = Frameworks;
			sourceTree = "<group>";
		};
/* End PBXGroup section */

/* Begin PBXNativeTarget section */
		F2E702571D36479500C6DAF7 /* YLNetworking */ = {
			isa = PBXNativeTarget;
			buildConfigurationList = F2E7027A1D36479500C6DAF7 /* Build configuration list for PBXNativeTarget "YLNetworking" */;
			buildPhases = (
				8D86BB6AAE554588F6508A0B /* [CP] Check Pods Manifest.lock */,
				F2E702541D36479500C6DAF7 /* Sources */,
				F2E702551D36479500C6DAF7 /* Frameworks */,
				F2E702561D36479500C6DAF7 /* Resources */,
				F5B3E38E0BE632BD0FA02470 /* [CP] Embed Pods Frameworks */,
				67DCDFA701014FFC5BF9A198 /* [CP] Copy Pods Resources */,
			);
			buildRules = (
			);
			dependencies = (
			);
			name = YLNetworking;
			productName = YLNetworking;
			productReference = F2E702581D36479500C6DAF7 /* YLNetworking.app */;
			productType = "com.apple.product-type.application";
		};
		F2E702701D36479500C6DAF7 /* YLNetworkingTests */ = {
			isa = PBXNativeTarget;
			buildConfigurationList = F2E7027D1D36479500C6DAF7 /* Build configuration list for PBXNativeTarget "YLNetworkingTests" */;
			buildPhases = (
				F2E7026D1D36479500C6DAF7 /* Sources */,
				F2E7026E1D36479500C6DAF7 /* Frameworks */,
				F2E7026F1D36479500C6DAF7 /* Resources */,
			);
			buildRules = (
			);
			dependencies = (
				F2E702731D36479500C6DAF7 /* PBXTargetDependency */,
			);
			name = YLNetworkingTests;
			productName = YLNetworkingTests;
			productReference = F2E702711D36479500C6DAF7 /* YLNetworkingTests.xctest */;
			productType = "com.apple.product-type.bundle.unit-test";
		};
/* End PBXNativeTarget section */

/* Begin PBXProject section */
		F2E702501D36479500C6DAF7 /* Project object */ = {
			isa = PBXProject;
			attributes = {
				LastUpgradeCheck = 0730;
				ORGANIZATIONNAME = Yunpeng;
				TargetAttributes = {
					F2E702571D36479500C6DAF7 = {
						CreatedOnToolsVersion = 7.3.1;
					};
					F2E702701D36479500C6DAF7 = {
						CreatedOnToolsVersion = 7.3.1;
						TestTargetID = F2E702571D36479500C6DAF7;
					};
				};
			};
			buildConfigurationList = F2E702531D36479500C6DAF7 /* Build configuration list for PBXProject "YLNetworking" */;
			compatibilityVersion = "Xcode 3.2";
			developmentRegion = English;
			hasScannedForEncodings = 0;
			knownRegions = (
				en,
				Base,
			);
			mainGroup = F2E7024F1D36479500C6DAF7;
			productRefGroup = F2E702591D36479500C6DAF7 /* Products */;
			projectDirPath = "";
			projectRoot = "";
			targets = (
				F2E702571D36479500C6DAF7 /* YLNetworking */,
				F2E702701D36479500C6DAF7 /* YLNetworkingTests */,
			);
		};
/* End PBXProject section */

/* Begin PBXResourcesBuildPhase section */
		F2E702561D36479500C6DAF7 /* Resources */ = {
			isa = PBXResourcesBuildPhase;
			buildActionMask = 2147483647;
			files = (
				F2E7026B1D36479500C6DAF7 /* LaunchScreen.storyboard in Resources */,
				F26203E41D3D45D50050E932 /* UserItemViewCell.xib in Resources */,
				F2E702681D36479500C6DAF7 /* Assets.xcassets in Resources */,
				F2E702661D36479500C6DAF7 /* Main.storyboard in Resources */,
			);
			runOnlyForDeploymentPostprocessing = 0;
		};
		F2E7026F1D36479500C6DAF7 /* Resources */ = {
			isa = PBXResourcesBuildPhase;
			buildActionMask = 2147483647;
			files = (
			);
			runOnlyForDeploymentPostprocessing = 0;
		};
/* End PBXResourcesBuildPhase section */

/* Begin PBXShellScriptBuildPhase section */
		67DCDFA701014FFC5BF9A198 /* [CP] Copy Pods Resources */ = {
			isa = PBXShellScriptBuildPhase;
			buildActionMask = 2147483647;
			files = (
			);
			inputPaths = (
			);
			name = "[CP] Copy Pods Resources";
			outputPaths = (
			);
			runOnlyForDeploymentPostprocessing = 0;
			shellPath = /bin/sh;
			shellScript = "\"${SRCROOT}/Pods/Target Support Files/Pods-YLNetworking/Pods-YLNetworking-resources.sh\"\n";
			showEnvVarsInLog = 0;
		};
		8D86BB6AAE554588F6508A0B /* [CP] Check Pods Manifest.lock */ = {
			isa = PBXShellScriptBuildPhase;
			buildActionMask = 2147483647;
			files = (
			);
			inputPaths = (
			);
			name = "[CP] Check Pods Manifest.lock";
			outputPaths = (
			);
			runOnlyForDeploymentPostprocessing = 0;
			shellPath = /bin/sh;
			shellScript = "diff \"${PODS_ROOT}/../Podfile.lock\" \"${PODS_ROOT}/Manifest.lock\" > /dev/null\nif [[ $? != 0 ]] ; then\n    cat << EOM\nerror: The sandbox is not in sync with the Podfile.lock. Run 'pod install' or update your CocoaPods installation.\nEOM\n    exit 1\nfi\n";
			showEnvVarsInLog = 0;
		};
		F5B3E38E0BE632BD0FA02470 /* [CP] Embed Pods Frameworks */ = {
			isa = PBXShellScriptBuildPhase;
			buildActionMask = 2147483647;
			files = (
			);
			inputPaths = (
			);
			name = "[CP] Embed Pods Frameworks";
			outputPaths = (
			);
			runOnlyForDeploymentPostprocessing = 0;
			shellPath = /bin/sh;
			shellScript = "\"${SRCROOT}/Pods/Target Support Files/Pods-YLNetworking/Pods-YLNetworking-frameworks.sh\"\n";
			showEnvVarsInLog = 0;
		};
/* End PBXShellScriptBuildPhase section */

/* Begin PBXSourcesBuildPhase section */
		F2E702541D36479500C6DAF7 /* Sources */ = {
			isa = PBXSourcesBuildPhase;
			buildActionMask = 2147483647;
			files = (
				F26203E31D3D45D50050E932 /* UserItemViewCell.m in Sources */,
				F2E702601D36479500C6DAF7 /* AppDelegate.m in Sources */,
				F2E7025D1D36479500C6DAF7 /* main.m in Sources */,
				F26203D51D3D456D0050E932 /* UserItemModel.m in Sources */,
				F2455EA51D5262BB00C1AAE8 /* YLSignatureGenerator.m in Sources */,
				F2455EA21D52620E00C1AAE8 /* YLCacheProxy.m in Sources */,
				F2455E6E1D52395100C1AAE8 /* YLPageAPIManager.m in Sources */,
				F26203D01D3D45020050E932 /* UserAPIManager.m in Sources */,
				F2455E6F1D52395100C1AAE8 /* MJRefresh+ReactiveExtension.m in Sources */,
				F2455E711D52395100C1AAE8 /* YLNetworking+ReactiveExtension.m in Sources */,
				F2455E781D523AC700C1AAE8 /* YLNetworkingLogger.m in Sources */,
				F2455E741D52395100C1AAE8 /* YLAPIProxy.m in Sources */,
				F2455E721D52395100C1AAE8 /* YLAuthParamsGenerator.m in Sources */,
				F26203DB1D3D45870050E932 /* UserListViewModel.m in Sources */,
				F2455EA81D52652000C1AAE8 /* Foundation+YLNetworking.m in Sources */,
				F2455E731D52395100C1AAE8 /* YLResponseModel.m in Sources */,
				F26203DA1D3D45870050E932 /* UserItemViewModel.m in Sources */,
				F2455E6D1D52395100C1AAE8 /* YLBaseAPIManager.m in Sources */,
				F26203DF1D3D45CA0050E932 /* UserListViewController.m in Sources */,
				F2455E701D52395100C1AAE8 /* NSURLRequest+YLNetworking.m in Sources */,
			);
			runOnlyForDeploymentPostprocessing = 0;
		};
		F2E7026D1D36479500C6DAF7 /* Sources */ = {
			isa = PBXSourcesBuildPhase;
			buildActionMask = 2147483647;
			files = (
				F2E702761D36479500C6DAF7 /* YLNetworkingTests.m in Sources */,
			);
			runOnlyForDeploymentPostprocessing = 0;
		};
/* End PBXSourcesBuildPhase section */

/* Begin PBXTargetDependency section */
		F2E702731D36479500C6DAF7 /* PBXTargetDependency */ = {
			isa = PBXTargetDependency;
			target = F2E702571D36479500C6DAF7 /* YLNetworking */;
			targetProxy = F2E702721D36479500C6DAF7 /* PBXContainerItemProxy */;
		};
/* End PBXTargetDependency section */

/* Begin PBXVariantGroup section */
		F2E702641D36479500C6DAF7 /* Main.storyboard */ = {
			isa = PBXVariantGroup;
			children = (
				F2E702651D36479500C6DAF7 /* Base */,
			);
			name = Main.storyboard;
			sourceTree = "<group>";
		};
		F2E702691D36479500C6DAF7 /* LaunchScreen.storyboard */ = {
			isa = PBXVariantGroup;
			children = (
				F2E7026A1D36479500C6DAF7 /* Base */,
			);
			name = LaunchScreen.storyboard;
			sourceTree = "<group>";
		};
/* End PBXVariantGroup section */

/* Begin XCBuildConfiguration section */
		F2E702781D36479500C6DAF7 /* Debug */ = {
			isa = XCBuildConfiguration;
			buildSettings = {
				ALWAYS_SEARCH_USER_PATHS = NO;
				CLANG_ANALYZER_NONNULL = YES;
				CLANG_CXX_LANGUAGE_STANDARD = "gnu++0x";
				CLANG_CXX_LIBRARY = "libc++";
				CLANG_ENABLE_MODULES = YES;
				CLANG_ENABLE_OBJC_ARC = YES;
				CLANG_WARN_BOOL_CONVERSION = YES;
				CLANG_WARN_CONSTANT_CONVERSION = YES;
				CLANG_WARN_DIRECT_OBJC_ISA_USAGE = YES_ERROR;
				CLANG_WARN_EMPTY_BODY = YES;
				CLANG_WARN_ENUM_CONVERSION = YES;
				CLANG_WARN_INT_CONVERSION = YES;
				CLANG_WARN_OBJC_ROOT_CLASS = YES_ERROR;
				CLANG_WARN_UNREACHABLE_CODE = YES;
				CLANG_WARN__DUPLICATE_METHOD_MATCH = YES;
				"CODE_SIGN_IDENTITY[sdk=iphoneos*]" = "iPhone Developer";
				COPY_PHASE_STRIP = NO;
				DEBUG_INFORMATION_FORMAT = dwarf;
				ENABLE_STRICT_OBJC_MSGSEND = YES;
				ENABLE_TESTABILITY = YES;
				GCC_C_LANGUAGE_STANDARD = gnu99;
				GCC_DYNAMIC_NO_PIC = NO;
				GCC_NO_COMMON_BLOCKS = YES;
				GCC_OPTIMIZATION_LEVEL = 0;
				GCC_PREPROCESSOR_DEFINITIONS = (
					"DEBUG=1",
					"$(inherited)",
				);
				GCC_WARN_64_TO_32_BIT_CONVERSION = YES;
				GCC_WARN_ABOUT_RETURN_TYPE = YES_ERROR;
				GCC_WARN_UNDECLARED_SELECTOR = YES;
				GCC_WARN_UNINITIALIZED_AUTOS = YES_AGGRESSIVE;
				GCC_WARN_UNUSED_FUNCTION = YES;
				GCC_WARN_UNUSED_VARIABLE = YES;
				IPHONEOS_DEPLOYMENT_TARGET = 9.3;
				MTL_ENABLE_DEBUG_INFO = YES;
				ONLY_ACTIVE_ARCH = YES;
				SDKROOT = iphoneos;
				TARGETED_DEVICE_FAMILY = "1,2";
			};
			name = Debug;
		};
		F2E702791D36479500C6DAF7 /* Release */ = {
			isa = XCBuildConfiguration;
			buildSettings = {
				ALWAYS_SEARCH_USER_PATHS = NO;
				CLANG_ANALYZER_NONNULL = YES;
				CLANG_CXX_LANGUAGE_STANDARD = "gnu++0x";
				CLANG_CXX_LIBRARY = "libc++";
				CLANG_ENABLE_MODULES = YES;
				CLANG_ENABLE_OBJC_ARC = YES;
				CLANG_WARN_BOOL_CONVERSION = YES;
				CLANG_WARN_CONSTANT_CONVERSION = YES;
				CLANG_WARN_DIRECT_OBJC_ISA_USAGE = YES_ERROR;
				CLANG_WARN_EMPTY_BODY = YES;
				CLANG_WARN_ENUM_CONVERSION = YES;
				CLANG_WARN_INT_CONVERSION = YES;
				CLANG_WARN_OBJC_ROOT_CLASS = YES_ERROR;
				CLANG_WARN_UNREACHABLE_CODE = YES;
				CLANG_WARN__DUPLICATE_METHOD_MATCH = YES;
				"CODE_SIGN_IDENTITY[sdk=iphoneos*]" = "iPhone Developer";
				COPY_PHASE_STRIP = NO;
				DEBUG_INFORMATION_FORMAT = "dwarf-with-dsym";
				ENABLE_NS_ASSERTIONS = NO;
				ENABLE_STRICT_OBJC_MSGSEND = YES;
				GCC_C_LANGUAGE_STANDARD = gnu99;
				GCC_NO_COMMON_BLOCKS = YES;
				GCC_WARN_64_TO_32_BIT_CONVERSION = YES;
				GCC_WARN_ABOUT_RETURN_TYPE = YES_ERROR;
				GCC_WARN_UNDECLARED_SELECTOR = YES;
				GCC_WARN_UNINITIALIZED_AUTOS = YES_AGGRESSIVE;
				GCC_WARN_UNUSED_FUNCTION = YES;
				GCC_WARN_UNUSED_VARIABLE = YES;
				IPHONEOS_DEPLOYMENT_TARGET = 9.3;
				MTL_ENABLE_DEBUG_INFO = NO;
				SDKROOT = iphoneos;
				TARGETED_DEVICE_FAMILY = "1,2";
				VALIDATE_PRODUCT = YES;
			};
			name = Release;
		};
		F2E7027B1D36479500C6DAF7 /* Debug */ = {
			isa = XCBuildConfiguration;
			baseConfigurationReference = 778904CD0AC094F69A37B541 /* Pods-YLNetworking.debug.xcconfig */;
			buildSettings = {
				ASSETCATALOG_COMPILER_APPICON_NAME = AppIcon;
				INFOPLIST_FILE = YLNetworking/Info.plist;
				LD_RUNPATH_SEARCH_PATHS = "$(inherited) @executable_path/Frameworks";
				PRODUCT_BUNDLE_IDENTIFIER = xyz.ypli.YLNetworking;
				PRODUCT_NAME = "$(TARGET_NAME)";
			};
			name = Debug;
		};
		F2E7027C1D36479500C6DAF7 /* Release */ = {
			isa = XCBuildConfiguration;
			baseConfigurationReference = 7D8A929E7D3A9E902AA248ED /* Pods-YLNetworking.release.xcconfig */;
			buildSettings = {
				ASSETCATALOG_COMPILER_APPICON_NAME = AppIcon;
				INFOPLIST_FILE = YLNetworking/Info.plist;
				LD_RUNPATH_SEARCH_PATHS = "$(inherited) @executable_path/Frameworks";
				PRODUCT_BUNDLE_IDENTIFIER = xyz.ypli.YLNetworking;
				PRODUCT_NAME = "$(TARGET_NAME)";
			};
			name = Release;
		};
		F2E7027E1D36479500C6DAF7 /* Debug */ = {
			isa = XCBuildConfiguration;
			buildSettings = {
				BUNDLE_LOADER = "$(TEST_HOST)";
				INFOPLIST_FILE = YLNetworkingTests/Info.plist;
				LD_RUNPATH_SEARCH_PATHS = "$(inherited) @executable_path/Frameworks @loader_path/Frameworks";
				PRODUCT_BUNDLE_IDENTIFIER = xyz.ypli.YLNetworkingTests;
				PRODUCT_NAME = "$(TARGET_NAME)";
				TEST_HOST = "$(BUILT_PRODUCTS_DIR)/YLNetworking.app/YLNetworking";
			};
			name = Debug;
		};
		F2E7027F1D36479500C6DAF7 /* Release */ = {
			isa = XCBuildConfiguration;
			buildSettings = {
				BUNDLE_LOADER = "$(TEST_HOST)";
				INFOPLIST_FILE = YLNetworkingTests/Info.plist;
				LD_RUNPATH_SEARCH_PATHS = "$(inherited) @executable_path/Frameworks @loader_path/Frameworks";
				PRODUCT_BUNDLE_IDENTIFIER = xyz.ypli.YLNetworkingTests;
				PRODUCT_NAME = "$(TARGET_NAME)";
				TEST_HOST = "$(BUILT_PRODUCTS_DIR)/YLNetworking.app/YLNetworking";
			};
			name = Release;
		};
/* End XCBuildConfiguration section */

/* Begin XCConfigurationList section */
		F2E702531D36479500C6DAF7 /* Build configuration list for PBXProject "YLNetworking" */ = {
			isa = XCConfigurationList;
			buildConfigurations = (
				F2E702781D36479500C6DAF7 /* Debug */,
				F2E702791D36479500C6DAF7 /* Release */,
			);
			defaultConfigurationIsVisible = 0;
			defaultConfigurationName = Release;
		};
		F2E7027A1D36479500C6DAF7 /* Build configuration list for PBXNativeTarget "YLNetworking" */ = {
			isa = XCConfigurationList;
			buildConfigurations = (
				F2E7027B1D36479500C6DAF7 /* Debug */,
				F2E7027C1D36479500C6DAF7 /* Release */,
			);
			defaultConfigurationIsVisible = 0;
			defaultConfigurationName = Release;
		};
		F2E7027D1D36479500C6DAF7 /* Build configuration list for PBXNativeTarget "YLNetworkingTests" */ = {
			isa = XCConfigurationList;
			buildConfigurations = (
				F2E7027E1D36479500C6DAF7 /* Debug */,
				F2E7027F1D36479500C6DAF7 /* Release */,
			);
			defaultConfigurationIsVisible = 0;
			defaultConfigurationName = Release;
		};
/* End XCConfigurationList section */
	};
	rootObject = F2E702501D36479500C6DAF7 /* Project object */;
}
